
Microsoft Visual Studio Solution File, Format Version 12.00
# Visual Studio Version 16
VisualStudioVersion = 16.0.31729.503
MinimumVisualStudioVersion = 10.0.40219.1
Project("{FAE04EC0-301F-11D3-BF4B-00C04F79EFBC}") = "MusicLibraryDB", "MusicLibraryDB.csproj", "{A29DF940-EDC0-4549-A8C6-88EA3CA00D91}"
EndProject
Project("{FAE04EC0-301F-11D3-BF4B-00C04F79EFBC}") = "MusicLibraryServices", "..\MusicLibraryServices\MusicLibraryServices.csproj", "{A20B8729-49A7-455A-A619-179F2F170389}"
EndProject
Global
	GlobalSection(SolutionConfigurationPlatforms) = preSolution
		Debug|Any CPU = Debug|Any CPU
		Release|Any CPU = Release|Any CPU
	EndGlobalSection
	GlobalSection(ProjectConfigurationPlatforms) = postSolution
		{A29DF940-EDC0-4549-A8C6-88EA3CA00D91}.Debug|Any CPU.ActiveCfg = Debug|Any CPU
		{A29DF940-EDC0-4549-A8C6-88EA3CA00D91}.Debug|Any CPU.Build.0 = Debug|Any CPU
		{A29DF940-EDC0-4549-A8C6-88EA3CA00D91}.Release|Any CPU.ActiveCfg = Release|Any CPU
		{A29DF940-EDC0-4549-A8C6-88EA3CA00D91}.Release|Any CPU.Build.0 = Release|Any CPU
		{A20B8729-49A7-455A-A619-179F2F170389}.Debug|Any CPU.ActiveCfg = Debug|Any CPU
		{A20B8729-49A7-455A-A619-179F2F170389}.Debug|Any CPU.Build.0 = Debug|Any CPU
		{A20B8729-49A7-455A-A619-179F2F170389}.Release|Any CPU.ActiveCfg = Release|Any CPU
		{A20B8729-49A7-455A-A619-179F2F170389}.Release|Any CPU.Build.0 = Release|Any CPU
	EndGlobalSection
	GlobalSection(SolutionProperties) = preSolution
		HideSolutionNode = FALSE
	EndGlobalSection
	GlobalSection(ExtensibilityGlobals) = postSolution
		SolutionGuid = {74B4EF93-1B40-44B9-9124-93BC0AE65CE1}
	EndGlobalSection
EndGlobal
